
Microsoft Visual Studio Solution File, Format Version 12.00
# Visual Studio Version 16
VisualStudioVersion = 16.0.29519.181
MinimumVisualStudioVersion = 10.0.40219.1
Project("{9A19103F-16F7-4668-BE54-9A1E7A4F7556}") = "RabbitMQSample", "RabbitMQSample\RabbitMQSample.csproj", "{AF107FB2-2453-47D3-B003-A298BBE3CBCA}"
EndProject
Global
	GlobalSection(SolutionConfigurationPlatforms) = preSolution
		Debug|Any CPU = Debug|Any CPU
		Release|Any CPU = Release|Any CPU
	EndGlobalSection
	GlobalSection(ProjectConfigurationPlatforms) = postSolution
		{AF107FB2-2453-47D3-B003-A298BBE3CBCA}.Debug|Any CPU.ActiveCfg = Debug|Any CPU
		{AF107FB2-2453-47D3-B003-A298BBE3CBCA}.Debug|Any CPU.Build.0 = Debug|Any CPU
		{AF107FB2-2453-47D3-B003-A298BBE3CBCA}.Release|Any CPU.ActiveCfg = Release|Any CPU
		{AF107FB2-2453-47D3-B003-A298BBE3CBCA}.Release|Any CPU.Build.0 = Release|Any CPU
	EndGlobalSection
	GlobalSection(SolutionProperties) = preSolution
		HideSolutionNode = FALSE
	EndGlobalSection
	GlobalSection(ExtensibilityGlobals) = postSolution
		SolutionGuid = {0FD00B91-5203-4DD7-86B9-D8AA419BA130}
	EndGlobalSection
EndGlobal
